
Microsoft Visual Studio Solution File, Format Version 12.00
# Visual Studio Version 17
VisualStudioVersion = 17.4.33205.214
MinimumVisualStudioVersion = 10.0.40219.1
Project("{FAE04EC0-301F-11D3-BF4B-00C04F79EFBC}") = "Benchmark.NET", ".NET\Benchmark.NET.csproj", "{3524C09E-7A76-41AD-A4D5-4AD71009FB6A}"
EndProject
Global
	GlobalSection(SolutionConfigurationPlatforms) = preSolution
		Debug|Any CPU = Debug|Any CPU
		Release|Any CPU = Release|Any CPU
	EndGlobalSection
	GlobalSection(ProjectConfigurationPlatforms) = postSolution
		{3524C09E-7A76-41AD-A4D5-4AD71009FB6A}.Debug|Any CPU.ActiveCfg = Debug|Any CPU
		{3524C09E-7A76-41AD-A4D5-4AD71009FB6A}.Debug|Any CPU.Build.0 = Debug|Any CPU
		{3524C09E-7A76-41AD-A4D5-4AD71009FB6A}.Release|Any CPU.ActiveCfg = Release|Any CPU
		{3524C09E-7A76-41AD-A4D5-4AD71009FB6A}.Release|Any CPU.Build.0 = Release|Any CPU
	EndGlobalSection
	GlobalSection(SolutionProperties) = preSolution
		HideSolutionNode = FALSE
	EndGlobalSection
	GlobalSection(ExtensibilityGlobals) = postSolution
		SolutionGuid = {ABA8D5AB-04AC-4D27-8BD5-C2CBD92F1A28}
	EndGlobalSection
EndGlobal
